
Microsoft Visual Studio Solution File, Format Version 12.00
# Visual Studio Version 17
VisualStudioVersion = 17.3.32825.248
MinimumVisualStudioVersion = 10.0.40219.1
Project("{FAE04EC0-301F-11D3-BF4B-00C04F79EFBC}") = "MetaSmellAnalyzer", "MetaSmellAnalyzer.csproj", "{B5352AE3-34DD-47B2-8DCD-5EB71C1AD26A}"
EndProject
Global
	GlobalSection(SolutionConfigurationPlatforms) = preSolution
		Debug|Any CPU = Debug|Any CPU
		Release|Any CPU = Release|Any CPU
	EndGlobalSection
	GlobalSection(ProjectConfigurationPlatforms) = postSolution
		{B5352AE3-34DD-47B2-8DCD-5EB71C1AD26A}.Debug|Any CPU.ActiveCfg = Debug|Any CPU
		{B5352AE3-34DD-47B2-8DCD-5EB71C1AD26A}.Debug|Any CPU.Build.0 = Debug|Any CPU
		{B5352AE3-34DD-47B2-8DCD-5EB71C1AD26A}.Release|Any CPU.ActiveCfg = Release|Any CPU
		{B5352AE3-34DD-47B2-8DCD-5EB71C1AD26A}.Release|Any CPU.Build.0 = Release|Any CPU
	EndGlobalSection
	GlobalSection(SolutionProperties) = preSolution
		HideSolutionNode = FALSE
	EndGlobalSection
	GlobalSection(ExtensibilityGlobals) = postSolution
		SolutionGuid = {B340B95A-4B5D-4E31-A149-96162E68A465}
	EndGlobalSection
EndGlobal
