
Microsoft Visual Studio Solution File, Format Version 12.00
# Visual Studio Version 17
VisualStudioVersion = 17.3.32825.248
MinimumVisualStudioVersion = 10.0.40219.1
Project("{FAE04EC0-301F-11D3-BF4B-00C04F79EFBC}") = "Gui", "Gui.csproj", "{5CD88417-2B5D-4437-8BB3-CFFFF94432FD}"
EndProject
Global
	GlobalSection(SolutionConfigurationPlatforms) = preSolution
		Debug|Any CPU = Debug|Any CPU
		Release|Any CPU = Release|Any CPU
	EndGlobalSection
	GlobalSection(ProjectConfigurationPlatforms) = postSolution
		{5CD88417-2B5D-4437-8BB3-CFFFF94432FD}.Debug|Any CPU.ActiveCfg = Debug|Any CPU
		{5CD88417-2B5D-4437-8BB3-CFFFF94432FD}.Debug|Any CPU.Build.0 = Debug|Any CPU
		{5CD88417-2B5D-4437-8BB3-CFFFF94432FD}.Release|Any CPU.ActiveCfg = Release|Any CPU
		{5CD88417-2B5D-4437-8BB3-CFFFF94432FD}.Release|Any CPU.Build.0 = Release|Any CPU
	EndGlobalSection
	GlobalSection(SolutionProperties) = preSolution
		HideSolutionNode = FALSE
	EndGlobalSection
	GlobalSection(ExtensibilityGlobals) = postSolution
		SolutionGuid = {C8584985-5D78-437E-915E-777C2A40E647}
	EndGlobalSection
EndGlobal
