
Microsoft Visual Studio Solution File, Format Version 12.00
# Visual Studio Version 17
VisualStudioVersion = 17.3.32825.248
MinimumVisualStudioVersion = 10.0.40219.1
Project("{FAE04EC0-301F-11D3-BF4B-00C04F79EFBC}") = "InvocationSmellFinder", "InvocationSmellFinder.csproj", "{CBFF6323-1D90-46FC-83B5-86CC4C930C33}"
EndProject
Global
	GlobalSection(SolutionConfigurationPlatforms) = preSolution
		Debug|Any CPU = Debug|Any CPU
		Release|Any CPU = Release|Any CPU
	EndGlobalSection
	GlobalSection(ProjectConfigurationPlatforms) = postSolution
		{CBFF6323-1D90-46FC-83B5-86CC4C930C33}.Debug|Any CPU.ActiveCfg = Debug|Any CPU
		{CBFF6323-1D90-46FC-83B5-86CC4C930C33}.Debug|Any CPU.Build.0 = Debug|Any CPU
		{CBFF6323-1D90-46FC-83B5-86CC4C930C33}.Release|Any CPU.ActiveCfg = Release|Any CPU
		{CBFF6323-1D90-46FC-83B5-86CC4C930C33}.Release|Any CPU.Build.0 = Release|Any CPU
	EndGlobalSection
	GlobalSection(SolutionProperties) = preSolution
		HideSolutionNode = FALSE
	EndGlobalSection
	GlobalSection(ExtensibilityGlobals) = postSolution
		SolutionGuid = {0D73755A-A618-4678-B740-F8529CC92F0A}
	EndGlobalSection
EndGlobal
