
Microsoft Visual Studio Solution File, Format Version 12.00
# Visual Studio Version 17
VisualStudioVersion = 17.3.32825.248
MinimumVisualStudioVersion = 10.0.40219.1
Project("{FAE04EC0-301F-11D3-BF4B-00C04F79EFBC}") = "TestSolution", "TestSolution.csproj", "{1BF48635-B73A-4E3C-86C8-C66B0E8496AF}"
EndProject
Global
	GlobalSection(SolutionConfigurationPlatforms) = preSolution
		Debug|Any CPU = Debug|Any CPU
		Release|Any CPU = Release|Any CPU
	EndGlobalSection
	GlobalSection(ProjectConfigurationPlatforms) = postSolution
		{1BF48635-B73A-4E3C-86C8-C66B0E8496AF}.Debug|Any CPU.ActiveCfg = Debug|Any CPU
		{1BF48635-B73A-4E3C-86C8-C66B0E8496AF}.Debug|Any CPU.Build.0 = Debug|Any CPU
		{1BF48635-B73A-4E3C-86C8-C66B0E8496AF}.Release|Any CPU.ActiveCfg = Release|Any CPU
		{1BF48635-B73A-4E3C-86C8-C66B0E8496AF}.Release|Any CPU.Build.0 = Release|Any CPU
	EndGlobalSection
	GlobalSection(SolutionProperties) = preSolution
		HideSolutionNode = FALSE
	EndGlobalSection
	GlobalSection(ExtensibilityGlobals) = postSolution
		SolutionGuid = {A98EAE46-C7EB-40DF-9C4F-9DE554E8BD1E}
	EndGlobalSection
EndGlobal
