
Microsoft Visual Studio Solution File, Format Version 12.00
# Visual Studio Version 17
VisualStudioVersion = 17.3.32825.248
MinimumVisualStudioVersion = 10.0.40219.1
Project("{FAE04EC0-301F-11D3-BF4B-00C04F79EFBC}") = "ShellStarter", "ShellStarter.csproj", "{0710F947-374B-4AA2-9D9E-E176E7DAEBB5}"
EndProject
Global
	GlobalSection(SolutionConfigurationPlatforms) = preSolution
		Debug|Any CPU = Debug|Any CPU
		Release|Any CPU = Release|Any CPU
	EndGlobalSection
	GlobalSection(ProjectConfigurationPlatforms) = postSolution
		{0710F947-374B-4AA2-9D9E-E176E7DAEBB5}.Debug|Any CPU.ActiveCfg = Debug|Any CPU
		{0710F947-374B-4AA2-9D9E-E176E7DAEBB5}.Debug|Any CPU.Build.0 = Debug|Any CPU
		{0710F947-374B-4AA2-9D9E-E176E7DAEBB5}.Release|Any CPU.ActiveCfg = Release|Any CPU
		{0710F947-374B-4AA2-9D9E-E176E7DAEBB5}.Release|Any CPU.Build.0 = Release|Any CPU
	EndGlobalSection
	GlobalSection(SolutionProperties) = preSolution
		HideSolutionNode = FALSE
	EndGlobalSection
	GlobalSection(ExtensibilityGlobals) = postSolution
		SolutionGuid = {6D5DD486-B9AF-43F8-A3D4-F1587D8D6982}
	EndGlobalSection
EndGlobal
