
Microsoft Visual Studio Solution File, Format Version 12.00
# Visual Studio Version 17
VisualStudioVersion = 17.3.32825.248
MinimumVisualStudioVersion = 10.0.40219.1
Project("{9A19103F-16F7-4668-BE54-9A1E7A4F7556}") = "esercizio_roslyn", "esercizio_roslyn.csproj", "{FA1E4A6F-06D1-43CB-B162-15383705F0F3}"
EndProject
Global
	GlobalSection(SolutionConfigurationPlatforms) = preSolution
		Debug|Any CPU = Debug|Any CPU
		Release|Any CPU = Release|Any CPU
	EndGlobalSection
	GlobalSection(ProjectConfigurationPlatforms) = postSolution
		{FA1E4A6F-06D1-43CB-B162-15383705F0F3}.Debug|Any CPU.ActiveCfg = Debug|Any CPU
		{FA1E4A6F-06D1-43CB-B162-15383705F0F3}.Debug|Any CPU.Build.0 = Debug|Any CPU
		{FA1E4A6F-06D1-43CB-B162-15383705F0F3}.Release|Any CPU.ActiveCfg = Release|Any CPU
		{FA1E4A6F-06D1-43CB-B162-15383705F0F3}.Release|Any CPU.Build.0 = Release|Any CPU
	EndGlobalSection
	GlobalSection(SolutionProperties) = preSolution
		HideSolutionNode = FALSE
	EndGlobalSection
	GlobalSection(ExtensibilityGlobals) = postSolution
		SolutionGuid = {D43E4FB4-33D3-48E9-9B67-12185FEA7BC6}
	EndGlobalSection
EndGlobal
